#MicroXplorer Configuration settings - do not modify
VP_TIM5_VS_ClockSourceINT.Mode=Internal
PF4.Mode=IN14
PC7.GPIOParameters=GPIO_Label
USART2.IPParameters=VirtualMode-Asynchronous
VP_ADC1_TempSens_Input.Mode=IN-TempSens
DSIHOST_D0N.Mode=DSIHost_Video
PG0.Locked=true
PI15.Locked=true
RCC.PLLQCLKFreq_Value=54000000
PG0.Signal=GPIO_Output
PC7.Locked=true
PD8.Locked=true
SAI1.Instance-SAI_A_MasterWithClock=SAI$Index_Block_A
PI15.GPIO_Label=SUB_NRST
RCC.PLLDSIFreq_Value=500000000
PD0.Locked=true
CORTEX_M7.IsShareable-Cortex_Memory_Protection_Unit_Region4_Settings=MPU_ACCESS_SHAREABLE
SH.S_TIM4_CH4.ConfNb=1
PG10.GPIO_PuPd=GPIO_PULLUP
PJ2.GPIOParameters=GPIO_Label
PG2.GPIOParameters=GPIO_Label
SH.S_TIM11_CH1.ConfNb=1
RCC.LPTIM1Freq_Value=54000000
NVIC.SVCall_IRQn=true\:0\:0\:false\:false\:true\:false\:false
DSIHOST_D0P.Signal=DSIHOST_D0P
CORTEX_M7.Enable-Cortex_Memory_Protection_Unit_Region0_Settings=MPU_REGION_ENABLE
CORTEX_M7.IsBufferable-Cortex_Memory_Protection_Unit_Region1_Settings=MPU_ACCESS_BUFFERABLE
DSIHOST_D0P.Locked=true
SH.S_TIM3_CH2.ConfNb=1
PF7.Signal=QUADSPI_BK1_IO2
RCC.PLL48CLockSelection=RCC_CLK48SOURCE_PLLSAIP
PH9.Signal=DCMI_D0
RCC.I2C4Freq_Value=54000000
RCC.APB2TimFreq_Value=216000000
TIM4.OCMode_PWM-PWM\ Generation1\ CH1=TIM_OCMODE_PWM1
PB6.Signal=I2C1_SCL
PC7.Signal=S_TIM3_CH2
PD0.Signal=UART4_RX
PD8.Signal=GPIO_Output
VP_TIM2_VS_ClockSourceINT.Signal=TIM2_VS_ClockSourceINT
PE1.Signal=UART8_TX
PE14.Locked=true
RCC.USART3Freq_Value=54000000
RCC.PLLSAIRCLKFreq_Value=54857142.85714286
ProjectManager.ProjectBuild=false
PJ14.Locked=true
TIM4.Channel-PWM\ Generation3\ CH3=TIM_CHANNEL_3
NVIC.UsageFault_IRQn=true\:0\:0\:false\:false\:true\:false\:false
PJ12.GPIOParameters=GPIO_Label
PB3.Mode=Trace_Asynchronous_SW
PA8.Locked=true
PK4.GPIO_Label=BTN0
DSIHOST.HorizontalLine=1994
PG14.Mode=RMII
ProjectManager.FirmwarePackage=STM32Cube FW_F7 V1.16.1
PF12.GPIO_Label=ErrorLed
PI7.Locked=true
ProjectManager.BackupPrevious=false
SH.S_TIM12_CH1.0=TIM12_CH1,PWM Generation1 CH1
PE9.Signal=QUADSPI_BK2_IO2
DSIHOST_D1N.Signal=DSIHOST_D1N
PI2.Locked=true
PE9.Locked=true
PB1.GPIO_Label=GPIO3
PG4.GPIO_Label=SEG_E
PF10.Locked=true
PF13.Locked=true
PC9.Mode=I2C
PI15.GPIOParameters=GPIO_Label
PA8.Signal=I2C3_SCL
PE13.Mode=Full_Duplex_Master
PE1.Locked=true
PB6.Locked=true
PC15/OSC32_OUT.Locked=true
CORTEX_M7.Size-Cortex_Memory_Protection_Unit_Region4_Settings=MPU_REGION_SIZE_128KB
ProjectManager.HalAssertFull=false
SH.S_TIM8_CH1.ConfNb=1
PJ14.Signal=GPIO_Output
Mcu.Package=LQFP208
PB9.Signal=S_TIM11_CH1
PB1.Signal=S_TIM3_CH4
PA5.Locked=true
PH12.Mode=Slave_12_bits_External_Synchro
SPI2.Mode=SPI_MODE_MASTER
PD12.Signal=S_TIM4_CH1
PH11.Mode=Slave_12_bits_External_Synchro
VP_SYS_VS_Systick.Signal=SYS_VS_Systick
PJ3.Locked=true
PA10.Signal=GPIO_Output
CORTEX_M7.BaseAddress-Cortex_Memory_Protection_Unit_Region4_Settings=0x20060000
PH6.Locked=true
PF7.Locked=true
PC11.Mode=Enable Chip Select for each bank
PH9.Locked=true
SPI5.CalculateBaudRate=6.75 MBits/s
RCC.APB2CLKDivider=RCC_HCLK_DIV2
SH.S_TIM4_CH1.0=TIM4_CH1,PWM Generation1 CH1
PI7.Mode=Slave_12_bits_External_Synchro
RCC.APB1TimFreq_Value=108000000
DSIHOST.HorizontalBackPorch=80
PF10.Mode=Dual_Bank
PB13.Mode=CAN_Activate
PE6.Locked=true
PH8.Mode=Slave_12_bits_External_Synchro
TIM4.Channel-PWM\ Generation4\ CH4=TIM_CHANNEL_4
PD5.Locked=true
PJ0.Locked=true
PD15.Signal=S_TIM4_CH4
PJ1.GPIO_Label=LD1
RCC.PLLSAIQCLKFreq_Value=64000000
PE12.Mode=Full_Duplex_Master
PI5.GPIO_PuPd=GPIO_PULLUP
CORTEX_M7.AccessPermission-Cortex_Memory_Protection_Unit_Region3_Settings=MPU_REGION_FULL_ACCESS
Mcu.Pin80=PD11
SH.S_TIM4_CH1.ConfNb=1
Mcu.Pin81=PD12
CAN2.CalculateBaudRate=1000000
PK4.Signal=GPIO_Input
ProjectManager.ProjectFileName=Midgard.ioc
PH13.Locked=true
PH13.Signal=UART4_TX
Mcu.Pin79=PD10
TIM4.CounterMode=TIM_COUNTERMODE_UP
PI10.Locked=true
Mcu.PinsNb=160
Mcu.Pin73=PB12
Mcu.Pin74=PB13
Mcu.Pin71=PH11
Mcu.Pin72=PH12
PG5.Locked=true
PC13.Locked=true
Mcu.Pin77=PD8
SAI1.MClockEnable-SAI_A_MasterWithClock=SAI_MASTERCLOCK_ENABLE
Mcu.Pin78=PD9
PG5.Signal=GPIO_Output
Mcu.Pin75=PB14
PC13.Signal=GPIO_Input
Mcu.Pin76=PB15
PG3.Locked=true
CAN1.IPParameters=CalculateTimeQuantum,CalculateTimeBit,CalculateBaudRate,BS1,BS2,Prescaler
PI6.GPIO_PuPd=GPIO_PULLUP
PD3.Signal=USART2_CTS
CAN2.IPParameters=CalculateTimeQuantum,CalculateTimeBit,CalculateBaudRate,BS1,BS2,Prescaler
Mcu.Pin70=PH10
PG9.Mode=Slave_12_bits_External_Synchro
PC2.Signal=SPI2_MISO
PI12.Signal=GPIO_Output
SAI1.ErrorAudioFreq-SAI_A_MasterWithClock=-2.34 %
Mcu.Pin68=PH8
Mcu.Pin69=PH9
PB14.Locked=true
PD6.Mode=Asynchronous
Mcu.Pin62=PE14
PG14.Locked=true
Mcu.Pin63=PB10
Mcu.Pin60=PE12
Mcu.Pin61=PE13
Mcu.Pin66=PH6
Mcu.Pin67=PH7
Mcu.Pin64=PB11
Mcu.Pin65=PJ5
DSIHOST.Mode=DSI_VID_MODE_BURST
ETH.IPParameters=MediaInterface
PD10.Signal=GPIO_Output
PF11.Mode=Full_Duplex_Master
PJ3.Signal=GPIO_Output
PA15.Locked=true
PI8.GPIO_Label=ICM_42605_INT1
Mcu.Pin59=PE11
Mcu.Pin57=PE9
Mcu.Pin58=PE10
Mcu.Pin51=PF14
RCC.USART6Freq_Value=108000000
Mcu.Pin52=PF15
Mcu.Pin50=PF13
CORTEX_M7.ART_ACCLERATOR_ENABLE=1
RCC.PLLDSIVCOFreq_Value=1000000000
Mcu.Pin55=PE7
Mcu.Pin56=PE8
Mcu.Pin53=PG0
Mcu.Pin54=PG1
PH9.Mode=Slave_12_bits_External_Synchro
PJ14.GPIOParameters=GPIO_Label
PB9.Locked=true
PI12.Locked=true
Mcu.Pin48=PF11
Mcu.Pin49=PF12
Mcu.Pin46=PJ2
Mcu.Pin47=PJ3
SAI1.VirtualMode-SAI_A_MasterWithClock=VM_MASTER
PB14.Signal=S_TIM12_CH1
PG6.GPIOParameters=GPIO_Label
PA5.Signal=COMP_DAC2_group
Mcu.Pin40=PC5
CORTEX_M7.Enable-Cortex_Memory_Protection_Unit_Region2_Settings=MPU_REGION_ENABLE
Mcu.Pin41=PB0
Mcu.Pin44=PJ0
SH.S_TIM8_CH1.0=TIM8_CH1,Encoder_Interface
Mcu.Pin45=PJ1
Mcu.Pin42=PB1
Mcu.Pin43=PI15
VP_LTDC_DSIMode.Signal=LTDC_DSIMode
PK7.GPIO_Label=BTN3
PI7.Signal=DCMI_D7
PE14.Signal=SPI4_MOSI
PE6.Mode=SAI_A_MasterWithClock
Mcu.Pin37=PA6
Mcu.Pin38=PA7
Mcu.Pin35=PA4
RCC.I2C1Freq_Value=54000000
Mcu.Pin36=PA5
RCC.PLLI2SPCLKFreq_Value=25000000
Mcu.Pin39=PC4
PG7.GPIO_Label=SEG_DP
PI2.Signal=DCMI_D9
VP_ADC1_TempSens_Input.Signal=ADC1_TempSens_Input
Mcu.Pin30=PA0/WKUP
Mcu.Pin33=PH5
Mcu.Pin34=PA3
Mcu.Pin31=PA1
Mcu.Pin32=PA2
NVIC.NonMaskableInt_IRQn=true\:0\:0\:false\:false\:true\:false\:false
PF13.Signal=GPIO_Output
PJ15.GPIO_Label=SEG_SEL3
RCC.PLLI2SQCLKFreq_Value=25000000
PI9.GPIOParameters=GPIO_Label
Mcu.Pin26=PC0
Mcu.Pin27=PC1
Mcu.Pin24=PH0/OSC_IN
Mcu.Pin25=PH1/OSC_OUT
CORTEX_M7.IPParameters=CPU_DCache,CPU_ICache,PREFETCH_ENABLE,ART_ACCLERATOR_ENABLE,MPU_Control,Enable-Cortex_Memory_Protection_Unit_Region0_Settings,AccessPermission-Cortex_Memory_Protection_Unit_Region0_Settings,Size-Cortex_Memory_Protection_Unit_Region0_Settings,BaseAddress-Cortex_Memory_Protection_Unit_Region0_Settings,Enable-Cortex_Memory_Protection_Unit_Region1_Settings,Size-Cortex_Memory_Protection_Unit_Region1_Settings,BaseAddress-Cortex_Memory_Protection_Unit_Region1_Settings,AccessPermission-Cortex_Memory_Protection_Unit_Region1_Settings,IsShareable-Cortex_Memory_Protection_Unit_Region1_Settings,IsCacheable-Cortex_Memory_Protection_Unit_Region1_Settings,IsBufferable-Cortex_Memory_Protection_Unit_Region1_Settings,Enable-Cortex_Memory_Protection_Unit_Region2_Settings,BaseAddress-Cortex_Memory_Protection_Unit_Region2_Settings,Size-Cortex_Memory_Protection_Unit_Region2_Settings,IsBufferable-Cortex_Memory_Protection_Unit_Region2_Settings,IsCacheable-Cortex_Memory_Protection_Unit_Region2_Settings,IsShareable-Cortex_Memory_Protection_Unit_Region2_Settings,DisableExec-Cortex_Memory_Protection_Unit_Region2_Settings,IsShareable-Cortex_Memory_Protection_Unit_Region0_Settings,IsBufferable-Cortex_Memory_Protection_Unit_Region0_Settings,Enable-Cortex_Memory_Protection_Unit_Region3_Settings,BaseAddress-Cortex_Memory_Protection_Unit_Region3_Settings,Size-Cortex_Memory_Protection_Unit_Region3_Settings,AccessPermission-Cortex_Memory_Protection_Unit_Region3_Settings,IsShareable-Cortex_Memory_Protection_Unit_Region3_Settings,IsBufferable-Cortex_Memory_Protection_Unit_Region3_Settings,Enable-Cortex_Memory_Protection_Unit_Region4_Settings,BaseAddress-Cortex_Memory_Protection_Unit_Region4_Settings,Size-Cortex_Memory_Protection_Unit_Region4_Settings,AccessPermission-Cortex_Memory_Protection_Unit_Region4_Settings,IsShareable-Cortex_Memory_Protection_Unit_Region4_Settings,IsBufferable-Cortex_Memory_Protection_Unit_Region4_Settings,AccessPermission-Cortex_Memory_Protection_Unit_Region2_Settings
Mcu.Pin28=PC2
PC7.GPIO_Label=GPIO0
Mcu.Pin29=PC3
PB4.Locked=true
ADC3.Rank-1\#ChannelRegularConversion=1
Mcu.Pin22=PF9
ETH.MediaInterface=ETH_MEDIA_INTERFACE_RMII
Mcu.Pin23=PF10
Mcu.Pin20=PF7
ADC1.master=1
Mcu.Pin21=PF8
PA3.Locked=true
PJ0.GPIOParameters=GPIO_Label
PD10.Locked=true
PA10.Locked=true
ADC2.NbrOfConversionFlag=1
NVIC.ForceEnableDMAVector=true
PC14/OSC32_IN.Locked=true
NVIC.MemoryManagement_IRQn=true\:0\:0\:false\:false\:true\:false\:false
PD15.Locked=true
PJ0.GPIO_Label=LD0
ProjectManager.HeapSize=0x200
Mcu.Pin15=PI13
NVIC.HardFault_IRQn=true\:0\:0\:false\:false\:true\:false\:false
Mcu.Pin16=PI14
Mcu.Pin13=PF1
Mcu.Pin14=PI12
PH6.Signal=SPI5_SCK
Mcu.Pin19=PF6
Mcu.Pin17=PF4
Mcu.Pin18=PF5
DSIHOST.FrameBTAAcknowledgeEnable=DSI_FBTAA_DISABLE
SPI4.CLKPhase=SPI_PHASE_2EDGE
CORTEX_M7.DisableExec-Cortex_Memory_Protection_Unit_Region2_Settings=MPU_INSTRUCTION_ACCESS_ENABLE
NVIC.PriorityGroup=NVIC_PRIORITYGROUP_4
Mcu.Pin11=PI11
Mcu.Pin12=PF0
PG0.GPIOParameters=GPIO_Label
Mcu.Pin10=PI10
PI11.GPIO_Label=RV_3028_C7_INT
PE3.Signal=SAI1_SD_B
PC15/OSC32_OUT.Signal=RCC_OSC32_OUT
PF4.Signal=ADC3_IN14
RCC.SDMMC2Freq_Value=216000000
TIM12.IPParameters=Channel-PWM Generation1 CH1
PC1.Mode=RMII
DSIHOST.LPVerticalSyncActiveEnable=DSI_LP_VSYNC_ENABLE
Mcu.Family=STM32F7
ProjectManager.MainLocation=Core/Src
PA6.Mode=Slave_12_bits_External_Synchro
PK3.Signal=GPXTI3
Mcu.Pin150=VP_DMA2D_VS_DMA2D
Mcu.Pin151=VP_LTDC_DSIMode
RCC.PLLDSIIDF=DSI_PLL_IN_DIV6
ProjectManager.KeepUserCode=true
PH14.Signal=DCMI_D4
PH10.Signal=DCMI_D1
Mcu.Pin156=VP_TIM4_VS_ClockSourceINT
Mcu.Pin157=VP_TIM5_VS_ClockSourceINT
PG2.Signal=GPIO_Output
Mcu.Pin158=VP_TIM11_VS_ClockSourceINT
Mcu.Pin159=VP_TIM12_VS_ClockSourceINT
Mcu.Pin152=VP_RNG_VS_RNG
CAN2.CalculateTimeBit=999.99
Mcu.Pin153=VP_SYS_VS_Systick
Mcu.Pin154=VP_TIM2_VS_ClockSourceINT
PG2.Locked=true
Mcu.Pin155=VP_TIM3_VS_ClockSourceINT
PH10.Locked=true
PA11.Mode=CAN_Activate
PD6.Locked=true
PC14/OSC32_IN.Mode=LSE-External-Oscillator
PG5.GPIO_Label=SEG_F
PC1.Locked=true
PB15.Signal=SPI2_MOSI
PF12.GPIOParameters=GPIO_Label
PJ5.GPIO_Label=uSDDETECT
PG11.Signal=GPIO_Input
PJ14.GPIO_Label=SEG_SEL2
CORTEX_M7.IsBufferable-Cortex_Memory_Protection_Unit_Region3_Settings=MPU_ACCESS_BUFFERABLE
PB5.GPIOParameters=GPIO_Label
SH.COMP_DAC2_group.0=DAC_OUT2,DAC_OUT2
Mcu.Pin138=PB6
Mcu.Pin139=PB7
CORTEX_M7.IsShareable-Cortex_Memory_Protection_Unit_Region2_Settings=MPU_ACCESS_SHAREABLE
PD13.Signal=S_TIM4_CH2
Mcu.IP4=CAN2
Mcu.IP5=CORTEX_M7
RCC.FCLKCortexFreq_Value=216000000
PD13.Locked=true
Mcu.IP2=ADC3
I2C1.IPParameters=Timing
Mcu.IP3=CAN1
PK4.GPIOParameters=GPIO_Label
Mcu.IP0=ADC1
Mcu.IP1=ADC2
PJ2.Signal=GPIO_Output
PF9.Locked=true
SAI1.VirtualMode-SAI_B_SyncSlave=VM_SLAVE
RCC.SDMMCFreq_Value=216000000
Mcu.Pin134=PK7
Mcu.Pin135=PB3
Mcu.Pin136=PB4
Mcu.Pin137=PB5
Mcu.Pin130=PK3
Mcu.Pin131=PK4
SH.ADCx_IN3.0=ADC1_IN3,IN3
Mcu.Pin132=PK5
Mcu.Pin133=PK6
ProjectManager.PreviousToolchain=STM32CubeIDE
PF1.Locked=true
PH10.Mode=Slave_12_bits_External_Synchro
Mcu.Pin149=VP_CRC_VS_CRC
SPI5.CLKPolarity=SPI_POLARITY_HIGH
SPI4.IPParameters=VirtualType,Mode,Direction,CalculateBaudRate,VirtualNSS,BaudRatePrescaler,CLKPolarity,CLKPhase,DataSize
PD5.Mode=Asynchronous
Mcu.Pin140=PB8
TIM3.Channel-PWM\ Generation1\ CH1=TIM_CHANNEL_1
TIM8.IPParameters=AutoReloadPreload,EncoderMode
Mcu.Pin145=PI5
ADC1.Channel-0\#ChannelRegularConversion=ADC_CHANNEL_3
I2C3.IPParameters=Timing
Mcu.Pin146=PI6
RCC.HSE_VALUE=24000000
Mcu.Pin147=PI7
Mcu.Pin148=VP_ADC1_TempSens_Input
Mcu.Pin141=PB9
NVIC.DebugMonitor_IRQn=true\:0\:0\:false\:false\:true\:false\:false
Mcu.Pin142=PE0
Mcu.Pin143=PE1
CORTEX_M7.Size-Cortex_Memory_Protection_Unit_Region2_Settings=MPU_REGION_SIZE_128KB
Mcu.Pin144=PI4
Mcu.IP10=DSIHOST
Mcu.IP12=I2C1
NVIC.SysTick_IRQn=true\:0\:0\:false\:false\:true\:false\:true
Mcu.IP11=ETH
Mcu.IP18=QUADSPI
Mcu.IP17=NVIC
Mcu.IP19=RCC
Mcu.IP14=I2C3
PF9.Mode=Dual_Bank
Mcu.IP13=I2C2
Mcu.IP16=LTDC
Mcu.IP15=I2C4
PI4.Locked=true
RCC.VCOInputFreq_Value=1000000
DSIHOST.LPHorizontalFrontPorchEnable=DSI_LP_HFP_ENABLE
PA14.Mode=Trace_Asynchronous_SW
PE8.Locked=true
PF11.Signal=SPI5_MOSI
DSIHOST_D1P.Signal=DSIHOST_D1P
PJ12.GPIO_Label=SEG_SEL0
PK3.GPIOParameters=GPIO_Label
PE3.Locked=true
PB7.Signal=I2C1_SDA
Mcu.IP21=SAI1
DSIHOST.BTA_FlowControl=__NULL
Mcu.IP20=RNG
Mcu.IP23=SPI4
VP_TIM12_VS_ClockSourceINT.Mode=Internal
Mcu.IP22=SPI2
SH.S_TIM3_CH1.0=TIM3_CH1,PWM Generation1 CH1
Mcu.IP29=TIM5
Mcu.IP28=TIM4
Mcu.IP25=SYS
Mcu.IP24=SPI5
Mcu.IP27=TIM3
Mcu.IP26=TIM2
PB0.Locked=true
DSIHOST.LPVACTLargestPacketSize=8
PA6.Signal=DCMI_PIXCLK
PJ13.Locked=true
PB12.Mode=CAN_Activate
CAN2.BS1=CAN_BS1_6TQ
Mcu.IP32=TIM12
CAN2.BS2=CAN_BS2_2TQ
DSIHOST.IPParameters=NumberOfLanes,Mode,VerticalBackPorch,VerticalFrontPorch,HorizontalSyncActive,HorizontalBackPorch,FrameBTAAcknowledgeEnable,LPHorizontalFrontPorchEnable,LPHorizontalBackPorchEnable,LPVerticalActiveEnable,LPVerticalFrontPorchEnable,LPVerticalBackPorchEnable,LPVerticalSyncActiveEnable,GCEIE,BTA_FlowControl,ClockLaneLP2HSTime,DataLaneHS2LPTime,DataLaneLP2HSTime,LPCommandEnable,LPVACTLargestPacketSize,LPLargestPacketSize,HorizontalLine
Mcu.IP31=TIM11
Mcu.IP34=UART8
PG11.Locked=true
Mcu.IP33=UART4
Mcu.IP30=TIM8
ProjectManager.ToolChainLocation=
RCC.DSIFreq_Value=62500000
TIM4.OCMode_PWM-PWM\ Generation4\ CH4=TIM_OCMODE_PWM1
Mcu.IP35=USART2
PA15.Signal=SYS_JTDI
PG0.GPIO_Label=SEG_A
PF8.Signal=QUADSPI_BK1_IO0
ADC2.SamplingTime-0\#ChannelRegularConversion=ADC_SAMPLETIME_3CYCLES
PI0.GPIO_Label=SPI2_CE
PI1.Mode=Slave_12_bits_External_Synchro
Mcu.Pin95=PG6
CORTEX_M7.Size-Cortex_Memory_Protection_Unit_Region1_Settings=MPU_REGION_SIZE_2MB
Mcu.Pin96=PG7
PF4.Locked=true
Mcu.Pin93=PG4
Mcu.Pin94=PG5
I2C3.Timing=0x20404768
Mcu.Pin99=PC9
PB5.GPIO_Label=JACK
Mcu.Pin97=PC6
Mcu.Pin98=PC7
DSIHOST_CKN.Signal=DSIHOST_CKN
SH.S_TIM5_CH1.0=TIM5_CH1,PWM Generation1 CH1
Mcu.Pin91=PG2
Mcu.Pin92=PG3
PG11.GPIO_Label=BTN_JS1
PC5.Signal=ETH_RXD1
Mcu.Pin90=DSIHOST_D1N
PE7.Signal=QUADSPI_BK2_IO0
PD6.Signal=USART2_RX
SH.S_TIM11_CH1.0=TIM11_CH1,PWM Generation1 CH1
CORTEX_M7.IsShareable-Cortex_Memory_Protection_Unit_Region1_Settings=MPU_ACCESS_SHAREABLE
PE12.Locked=true
VP_TIM3_VS_ClockSourceINT.Mode=Internal
DSIHOST_D0P.Mode=DSIHost_Video
Mcu.Pin84=PD15
Mcu.Pin85=DSIHOST_D0P
Mcu.Pin82=PD13
PB15.Locked=true
PB4.Signal=SYS_JTRST
Mcu.Pin83=PD14
PG2.GPIO_Label=SEG_C
PA3.Signal=ADCx_IN3
Mcu.Pin88=DSIHOST_CKN
Mcu.Pin89=DSIHOST_D1P
Mcu.Pin86=DSIHOST_D0N
Mcu.Pin87=DSIHOST_CKP
PK6.Signal=GPIO_Input
PK6.Locked=true
RCC.I2SFreq_Value=25000000
PK4.Locked=true
SH.ADCx_IN13.0=ADC2_IN13,IN13
PH15.Locked=true
PG7.Locked=true
PG7.Signal=GPIO_Output
RCC.UART7Freq_Value=54000000
SPI4.DataSize=SPI_DATASIZE_8BIT
PC11.Signal=QUADSPI_BK2_NCS
PI14.Signal=GPIO_Output
ProjectManager.DefaultFWLocation=true
PC2.Mode=Full_Duplex_Master
PD9.Signal=GPIO_Output
PB12.Locked=true
ProjectManager.DeletePrevious=true
PB10.Locked=true
SH.S_TIM3_CH3.0=TIM3_CH3,PWM Generation3 CH3
SPI5.Mode=SPI_MODE_MASTER
CORTEX_M7.BaseAddress-Cortex_Memory_Protection_Unit_Region2_Settings=0x20000000
PF5.Mode=IN15
RCC.FamilyName=M
DSIHOST_CKN.Locked=true
PD8.GPIO_Label=Touch_INT
PB9.GPIOParameters=GPIO_Label
PA13.Signal=SYS_JTMS-SWDIO
DSIHOST.LPHorizontalBackPorchEnable=DSI_LP_HBP_ENABLE
CORTEX_M7.MPU_Control=MPU_PRIVILEGED_DEFAULT
SAI1.RealAudioFreq-SAI_A_MasterWithClock=187.5 KHz
PA9.Mode=Full_Duplex_Master
PJ5.Locked=true
CAN1.BS2=CAN_BS2_2TQ
PF6.Signal=QUADSPI_BK1_IO3
CAN1.BS1=CAN_BS1_6TQ
PH8.Locked=true
TIM4.OCMode_PWM-PWM\ Generation3\ CH3=TIM_OCMODE_PWM1
PF6.Locked=true
PH8.Signal=DCMI_HSYNC
SH.S_TIM4_CH3.0=TIM4_CH3,PWM Generation3 CH3
VP_RNG_VS_RNG.Signal=RNG_VS_RNG
SPI2.IPParameters=VirtualType,Mode,Direction,CalculateBaudRate,CLKPolarity,CLKPhase,DataSize,BaudRatePrescaler
PG10.GPIOParameters=GPIO_PuPd,GPIO_Label
PE0.Locked=true
RCC.USBFreq_Value=48000000
PH13.Mode=Asynchronous
PI5.GPIOParameters=GPIO_PuPd,GPIO_Label
PD10.GPIO_Label=DSI_TE
VP_TIM3_VS_ClockSourceINT.Signal=TIM3_VS_ClockSourceINT
TIM4.Prescaler=60
DSIHOST.GCEIE=HAL_DSI_ERROR_NONE
PA1.Signal=ETH_REF_CLK
SH.S_TIM4_CH3.ConfNb=1
RCC.VCOI2SOutputFreq_Value=50000000
DSIHOST_CKP.Signal=DSIHOST_CKP
RCC.PLLSAIPCLKFreq_Value=48000000
board=custom
RCC.VCOOutputFreq_Value=432000000
PI9.Signal=GPIO_Input
PB15.Mode=Full_Duplex_Master
TIM12.Channel-PWM\ Generation1\ CH1=TIM_CHANNEL_1
PI9.Locked=true
PI13.GPIO_Label=TC78H660FTG_ERR
RCC.UART4Freq_Value=54000000
MxCube.Version=6.2.1
DSIHOST_D1N.Locked=true
RCC.PLLDSINDIV=125
PI4.Signal=DCMI_D5
PF14.Mode=I2C
PE5.Mode=SAI_A_MasterWithClock
PA10.GPIOParameters=GPIO_Label
VP_SYS_VS_Systick.Mode=SysTick
DSIHOST.LPCommandEnable=DSI_LP_COMMAND_ENABLE
PF14.Locked=true
PE5.Locked=true
PF1.Signal=I2C2_SCL
RCC.UART5Freq_Value=54000000
RCC.IPParameters=AHBFreq_Value,APB1CLKDivider,APB1Freq_Value,APB1TimFreq_Value,APB2CLKDivider,APB2Freq_Value,APB2TimFreq_Value,CECFreq_Value,CortexFreq_Value,DFSDMAudioFreq_Value,DFSDMFreq_Value,DSIFreq_Value,DSITXEscFreq_Value,EthernetFreq_Value,FCLKCortexFreq_Value,FamilyName,HCLKFreq_Value,HSE_VALUE,HSI_VALUE,I2C1Freq_Value,I2C2Freq_Value,I2C3Freq_Value,I2C4Freq_Value,I2SFreq_Value,LCDTFTFreq_Value,LPTIM1Freq_Value,LSI_VALUE,MCO2PinFreq_Value,PLL48CLockSelection,PLLCLKFreq_Value,PLLDSIFreq_Value,PLLDSIIDF,PLLDSINDIV,PLLDSIVCOFreq_Value,PLLI2SN,PLLI2SPCLKFreq_Value,PLLI2SQCLKFreq_Value,PLLI2SRCLKFreq_Value,PLLI2SRoutputFreq_Value,PLLM,PLLN,PLLQ,PLLQCLKFreq_Value,PLLQoutputFreq_Value,PLLRFreq_Value,PLLSAIN,PLLSAIP,PLLSAIPCLKFreq_Value,PLLSAIQ,PLLSAIQCLKFreq_Value,PLLSAIR,PLLSAIRCLKFreq_Value,PLLSAIoutputFreq_Value,PLLSourceVirtual,RNGFreq_Value,SAI1Freq_Value,SAI2Freq_Value,SDMMC2Freq_Value,SDMMCFreq_Value,SPDIFRXFreq_Value,SYSCLKFreq_VALUE,SYSCLKSource,UART4Freq_Value,UART5Freq_Value,UART7Freq_Value,UART8Freq_Value,USART1Freq_Value,USART2Freq_Value,USART3Freq_Value,USART6Freq_Value,USBFreq_Value,VCOI2SOutputFreq_Value,VCOInputFreq_Value,VCOOutputFreq_Value,VCOSAIOutputFreq_Value
PJ0.Signal=GPIO_Output
ProjectManager.AskForMigrate=true
PE0.Signal=UART8_RX
PE12.Signal=SPI4_SCK
TIM4.OCPolarity_4=TIM_OCPOLARITY_LOW
CORTEX_M7.IsCacheable-Cortex_Memory_Protection_Unit_Region1_Settings=MPU_ACCESS_CACHEABLE
Mcu.IP8=DCMI
Mcu.IP9=DMA2D
Mcu.IP6=CRC
Mcu.IP7=DAC
ProjectManager.CoupleFile=true
RCC.SYSCLKFreq_VALUE=216000000
PA1.Locked=true
KeepUserPlacement=false
PJ5.Signal=GPIO_Input
PA13.Locked=true
DSIHOST.LPVerticalBackPorchEnable=DSI_LP_VBP_ENABLE
PF13.GPIOParameters=GPIO_Label
PC6.GPIOParameters=GPIO_Label
CORTEX_M7.Enable-Cortex_Memory_Protection_Unit_Region3_Settings=MPU_REGION_ENABLE
RCC.HSI_VALUE=16000000
PI6.GPIOParameters=GPIO_PuPd,GPIO_Label
SH.S_TIM3_CH4.ConfNb=1
RCC.PLLQ=8
RCC.PLLM=24
RCC.PLLN=432
TIM11.Channel=TIM_CHANNEL_1
PB7.Locked=true
PA2.Mode=RMII
PI14.Locked=true
CORTEX_M7.CPU_DCache=Enabled
TIM4.OCMode_PWM-PWM\ Generation2\ CH2=TIM_OCMODE_PWM1
PD9.Locked=true
PJ2.GPIO_Label=LD2
ADC3.NbrOfConversionFlag=1
VP_CRC_VS_CRC.Mode=CRC_Activate
RCC.PLLI2SN=50
SH.S_TIM8_CH2.ConfNb=1
PB12.Signal=CAN2_RX
PJ13.Signal=GPIO_Output
PG11.GPIOParameters=GPIO_PuPd,GPIO_Label
PA6.Locked=true
PK5.Locked=true
RCC.USART1Freq_Value=108000000
PK5.Signal=GPIO_Input
SPI4.VirtualType=VM_MASTER
PH12.Signal=DCMI_D3
PH12.Locked=true
SPI2.VirtualType=VM_MASTER
PB10.Mode=Enable Chip Select for each bank
CORTEX_M7.BaseAddress-Cortex_Memory_Protection_Unit_Region3_Settings=0x20040000
VP_TIM5_VS_ClockSourceINT.Signal=TIM5_VS_ClockSourceINT
PG4.Signal=GPIO_Output
PG4.Locked=true
RCC.PLLCLKFreq_Value=216000000
PG6.GPIO_Label=SEG_G
PG3.GPIOParameters=GPIO_Label
SPI5.DataSize=SPI_DATASIZE_8BIT
CORTEX_M7.PREFETCH_ENABLE=1
PK6.GPIO_Label=BTN2
PJ3.GPIOParameters=GPIO_Label
DSIHOST_D1P.Mode=DSIHost_Video
PC6.GPIO_Label=GPIO1
PC3.Locked=true
PI11.Locked=true
CORTEX_M7.AccessPermission-Cortex_Memory_Protection_Unit_Region2_Settings=MPU_REGION_FULL_ACCESS
SPI5.CLKPhase=SPI_PHASE_2EDGE
PI6.GPIO_Label=ENC_CHB
PD4.Locked=true
PC5.Mode=RMII
PB13.Signal=CAN2_TX
PG13.Signal=ETH_TXD0
PinOutPanel.RotationAngle=180
TIM3.Channel-PWM\ Generation4\ CH4=TIM_CHANNEL_4
RCC.SYSCLKSource=RCC_SYSCLKSOURCE_PLLCLK
PJ13.GPIO_Label=SEG_SEL1
PH5.Signal=SPI5_NSS
SH.GPXTI3.ConfNb=1
DSIHOST.DataLaneHS2LPTime=18
RCC.LCDTFTFreq_Value=27428571.42857143
I2C4.Timing=0x20404768
PE2.Mode=SAI_A_MasterWithClock
PD4.Signal=USART2_RTS
TIM4.Pulse-PWM\ Generation1\ CH1=0
DSIHOST_CKP.Mode=DSIHost_Video
PH1/OSC_OUT.Signal=RCC_OSC_OUT
PB6.Mode=I2C
PC3.Signal=ADCx_IN13
RCC.SAI2Freq_Value=64000000
PE5.Signal=SAI1_SCK_A
PE10.Locked=true
PI3.Mode=Slave_12_bits_External_Synchro
PB13.Locked=true
PG13.Locked=true
PA4.Locked=true
PH0/OSC_IN.Locked=true
PG1.GPIOParameters=GPIO_Label
MxDb.Version=DB.6.0.21
PB0.GPIOParameters=GPIO_Label
PJ1.GPIOParameters=GPIO_Label
PI6.Signal=S_TIM8_CH2
PI3.Signal=DCMI_D10
PH1/OSC_OUT.Locked=true
SPI2.CalculateBaudRate=843.75 KBits/s
ADC3.IPParameters=Rank-1\#ChannelRegularConversion,Channel-1\#ChannelRegularConversion,SamplingTime-1\#ChannelRegularConversion,NbrOfConversionFlag,ClockPrescaler
SH.S_TIM4_CH2.0=TIM4_CH2,PWM Generation2 CH2
PE2.Signal=SAI1_MCLK_A
PF8.Mode=Dual_Bank
NVIC.PendSV_IRQn=true\:0\:0\:false\:false\:true\:false\:false
TIM4.Period=1000
PD3.Mode=CTS_RTS
PE10.Signal=QUADSPI_BK2_IO3
ADC1.SamplingTime-0\#ChannelRegularConversion=ADC_SAMPLETIME_3CYCLES
RCC.MCO2PinFreq_Value=216000000
CAN1.Prescaler=6
PI8.GPIOParameters=GPIO_Label
DSIHOST.LPVerticalFrontPorchEnable=DSI_LP_VFP_ENABLE
PD11.Locked=true
PG5.GPIOParameters=GPIO_Label
PJ5.GPIOParameters=GPIO_Label
SH.COMP_DAC1_group.ConfNb=1
PA14.Locked=true
VP_TIM11_VS_ClockSourceINT.Signal=TIM11_VS_ClockSourceINT
PE9.Mode=Dual_Bank
RCC.DFSDMFreq_Value=108000000
PD4.Mode=CTS_RTS
RCC.CECFreq_Value=32786.88524590164
PF14.Signal=I2C4_SCL
CORTEX_M7.Enable-Cortex_Memory_Protection_Unit_Region1_Settings=MPU_REGION_ENABLE
VP_DMA2D_VS_DMA2D.Mode=DMA2D_Activate
NVIC.BusFault_IRQn=true\:0\:0\:false\:false\:true\:false\:false
DSIHOST.HorizontalSyncActive=11
PJ13.GPIOParameters=GPIO_Label
PI11.Signal=GPIO_Input
RCC.DFSDMAudioFreq_Value=64000000
CAN1.CalculateTimeBit=999.99
SPI5.VirtualType=VM_MASTER
TIM4.Pulse-PWM\ Generation2\ CH2=8000
ProjectManager.CustomerFirmwarePackage=
CORTEX_M7.IsBufferable-Cortex_Memory_Protection_Unit_Region0_Settings=MPU_ACCESS_BUFFERABLE
PC4.Mode=RMII
CAN1.CalculateTimeQuantum=111.11111111111111
PI10.GPIO_Label=LPS22HBTR_INT
SH.COMP_DAC2_group.ConfNb=1
DSIHOST.DataLaneLP2HSTime=17
TIM4.Pulse-PWM\ Generation3\ CH3=0
PH15.Signal=DCMI_D11
RCC.PLLQoutputFreq_Value=54000000
PJ15.GPIOParameters=GPIO_Label
ADC1.Rank-0\#ChannelRegularConversion=1
TIM5.IPParameters=Channel-PWM Generation1 CH1
PD9.GPIO_Label=APA102_EN
PI4.Mode=Slave_12_bits_External_Synchro
ADC1.IPParameters=Rank-0\#ChannelRegularConversion,master,Channel-0\#ChannelRegularConversion,SamplingTime-0\#ChannelRegularConversion,NbrOfConversionFlag,ClockPrescaler
PG9.Locked=true
PG9.Signal=DCMI_VSYNC
CORTEX_M7.IsBufferable-Cortex_Memory_Protection_Unit_Region2_Settings=MPU_ACCESS_BUFFERABLE
CAN1.CalculateBaudRate=1000000
PE1.Mode=Asynchronous
CORTEX_M7.Enable-Cortex_Memory_Protection_Unit_Region4_Settings=MPU_REGION_ENABLE
PE10.Mode=Dual_Bank
PC6.Signal=S_TIM3_CH1
DSIHOST.ClockLaneLP2HSTime=36
RCC.UART8Freq_Value=54000000
PC0.Signal=ADCx_IN10
RCC.APB1CLKDivider=RCC_HCLK_DIV4
PF13.GPIO_Label=LightUp
PI2.Mode=Slave_12_bits_External_Synchro
SH.S_TIM8_CH2.0=TIM8_CH2,Encoder_Interface
DSIHOST_CKP.Locked=true
PG10.Signal=GPIO_Input
PG10.Locked=true
PE8.Mode=Dual_Bank
TIM3.Channel-PWM\ Generation3\ CH3=TIM_CHANNEL_3
PF1.Mode=I2C
PA11.Locked=true
PB11.Mode=RMII
TIM4.IPParameters=Channel-PWM Generation1 CH1,Channel-PWM Generation2 CH2,Channel-PWM Generation3 CH3,Channel-PWM Generation4 CH4,Prescaler,Period,CounterMode,OCMode_PWM-PWM Generation1 CH1,OCMode_PWM-PWM Generation2 CH2,OCMode_PWM-PWM Generation3 CH3,Pulse-PWM Generation3 CH3,OCMode_PWM-PWM Generation4 CH4,Pulse-PWM Generation4 CH4,OCPolarity_4,Pulse-PWM Generation1 CH1
VP_CRC_VS_CRC.Signal=CRC_VS_CRC
ADC2.IPParameters=Rank-0\#ChannelRegularConversion,Channel-0\#ChannelRegularConversion,SamplingTime-0\#ChannelRegularConversion,NbrOfConversionFlag,ClockPrescaler
PC6.Locked=true
PA9.Signal=SPI2_SCK
I2C1.Timing=0x20404768
PB5.Locked=true
CORTEX_M7.BaseAddress-Cortex_Memory_Protection_Unit_Region0_Settings=0x20020000
PI1.Locked=true
SPI4.VirtualNSS=VM_NSSHARD
PB10.Signal=QUADSPI_BK1_NCS
PJ15.Signal=GPIO_Output
TIM8.AutoReloadPreload=TIM_AUTORELOAD_PRELOAD_DISABLE
PI9.GPIO_Label=ICM_42605_INT1
PH6.Mode=Full_Duplex_Master
ProjectManager.LastFirmware=true
Mcu.Pin116=PD0
TIM4.Pulse-PWM\ Generation4\ CH4=0
Mcu.Pin117=PD3
Mcu.Pin118=PD4
PH14.Mode=Slave_12_bits_External_Synchro
Mcu.Pin119=PD5
SH.S_TIM12_CH1.ConfNb=1
PI6.Locked=true
PA1.Mode=RMII
VP_DMA2D_VS_DMA2D.Signal=DMA2D_VS_DMA2D
PE8.Signal=QUADSPI_BK2_IO1
PI1.Signal=DCMI_D8
VP_TIM12_VS_ClockSourceINT.Signal=TIM12_VS_ClockSourceINT
RCC.RNGFreq_Value=48000000
Mcu.Pin112=PI3
Mcu.Pin113=PA14
Mcu.Pin114=PA15
RCC.EthernetFreq_Value=216000000
PF11.Locked=true
PF12.Locked=true
DSIHOST_D1P.Locked=true
Mcu.Pin115=PC11
CORTEX_M7.AccessPermission-Cortex_Memory_Protection_Unit_Region0_Settings=MPU_REGION_FULL_ACCESS
TIM3.IPParameters=Channel-PWM Generation1 CH1,Channel-PWM Generation2 CH2,Channel-PWM Generation3 CH3,Channel-PWM Generation4 CH4
Mcu.Pin110=PI1
Mcu.Pin111=PI2
PA9.Locked=true
Mcu.Pin127=PG11
Mcu.Pin128=PG13
Mcu.Pin129=PG14
PI0.Locked=true
PE7.Locked=true
PA13.Mode=Trace_Asynchronous_SW
ProjectManager.FreePins=false
PJ1.Locked=true
ADC3.Channel-1\#ChannelRegularConversion=ADC_CHANNEL_15
ProjectManager.UnderRoot=true
PE13.Locked=true
Mcu.Pin123=PJ14
Mcu.Pin124=PJ15
PJ15.Locked=true
PA4.Signal=COMP_DAC1_group
Mcu.Pin125=PG9
Mcu.Pin126=PG10
PB5.Signal=GPIO_Input
Mcu.Pin120=PD6
Mcu.Pin121=PJ12
Mcu.Pin122=PJ13
PD11.Signal=GPIO_Output
ProjectManager.CompilerOptimize=6
PA11.Signal=CAN1_RX
TIM5.Channel-PWM\ Generation1\ CH1=TIM_CHANNEL_1
PK3.GPIO_Label=ENC_INT
PH5.Locked=true
PF8.Locked=true
PF6.Mode=Dual_Bank
SH.S_TIM3_CH1.ConfNb=1
ProjectManager.ComputerToolchain=false
PF9.Signal=QUADSPI_BK1_IO1
VP_TIM4_VS_ClockSourceINT.Mode=Internal
TIM3.Channel-PWM\ Generation2\ CH2=TIM_CHANNEL_2
PB8.Mode=Slave_12_bits_External_Synchro
Mcu.Pin109=PI0
PE2.Locked=true
Mcu.Pin105=PA13
PA8.Mode=I2C
Mcu.Pin106=PH13
SPI2.DataSize=SPI_DATASIZE_8BIT
Mcu.Pin107=PH14
Mcu.Pin108=PH15
PG3.GPIO_Label=SEG_D
RCC.I2C2Freq_Value=54000000
SPI5.IPParameters=VirtualType,Mode,Direction,DataSize,CLKPolarity,CLKPhase,CalculateBaudRate,BaudRatePrescaler
PB0.Signal=S_TIM3_CH3
PC0.Locked=true
PC1.Signal=ETH_MDC
PG7.GPIOParameters=GPIO_Label
PG10.GPIO_Label=BTN_JS0
Mcu.Pin101=PA9
Mcu.Pin102=PA10
Mcu.Pin103=PA11
Mcu.Pin104=PA12
Mcu.Pin100=PA8
PK7.Signal=GPIO_Input
PK7.Locked=true
I2C2.IPParameters=Timing
SH.S_TIM4_CH2.ConfNb=1
RCC.SAI1Freq_Value=64000000
RCC.CortexFreq_Value=216000000
PG6.Signal=GPIO_Output
PH14.Locked=true
PI10.GPIOParameters=GPIO_Label
Mcu.UserName=STM32F769BITx
PD9.GPIOParameters=GPIO_Label
ADC2.Channel-0\#ChannelRegularConversion=ADC_CHANNEL_13
PG6.Locked=true
SPI4.Direction=SPI_DIRECTION_2LINES
I2C2.Timing=0x20404768
PI13.Locked=true
ProjectManager.functionlistsort=1-MX_GPIO_Init-GPIO-false-HAL-true,2-SystemClock_Config-RCC-false-HAL-false,3-MX_ADC1_Init-ADC1-false-HAL-true,4-MX_CAN1_Init-CAN1-false-HAL-true,5-MX_DAC_Init-DAC-false-HAL-true,6-MX_DCMI_Init-DCMI-false-HAL-true,7-MX_ETH_Init-ETH-false-HAL-true,8-MX_I2C2_Init-I2C2-false-HAL-true,9-MX_I2C4_Init-I2C4-false-HAL-true,10-MX_QUADSPI_Init-QUADSPI-false-HAL-true,11-MX_SPI2_Init-SPI2-false-HAL-true,12-MX_SPI4_Init-SPI4-false-HAL-true,13-MX_SPI5_Init-SPI5-false-HAL-true,14-MX_TIM3_Init-TIM3-false-HAL-true,15-MX_TIM4_Init-TIM4-false-HAL-true,16-MX_TIM8_Init-TIM8-false-HAL-true,17-MX_UART4_Init-UART4-false-HAL-true,18-MX_UART8_Init-UART8-false-HAL-true,19-MX_USART2_UART_Init-USART2-false-HAL-true,20-MX_CAN2_Init-CAN2-false-HAL-true,21-MX_I2C1_Init-I2C1-false-HAL-true,22-MX_I2C3_Init-I2C3-false-HAL-true,23-MX_TIM12_Init-TIM12-false-HAL-true,24-MX_TIM11_Init-TIM11-false-HAL-true,25-MX_ADC3_Init-ADC3-false-HAL-true,26-MX_ADC2_Init-ADC2-false-HAL-true,27-MX_SAI1_Init-SAI1-false-HAL-true,28-MX_TIM5_Init-TIM5-false-HAL-true,29-MX_RNG_Init-RNG-false-HAL-true,30-MX_CRC_Init-CRC-false-HAL-true,31-MX_DMA2D_Init-DMA2D-false-HAL-true,32-MX_DSIHOST_DSI_Init-DSIHOST-false-HAL-true,33-MX_LTDC_Init-LTDC-false-HAL-true,34-MX_TIM2_Init-TIM2-false-HAL-true,0-MX_CORTEX_M7_Init-CORTEX_M7-false-HAL-true
TIM8.EncoderMode=TIM_ENCODERMODE_TI12
PA0/WKUP.Signal=S_TIM5_CH1
PB0.GPIO_Label=GPIO2
RCC.PLLI2SRCLKFreq_Value=25000000
RCC.USART2Freq_Value=54000000
PI5.GPIO_Label=ENC_CHA
PC13.GPIO_Label=TCS34725FN_INT
PK5.GPIO_Label=BTN1
PB11.Signal=ETH_TX_EN
PI0.GPIOParameters=GPIO_Label
PK5.GPIOParameters=GPIO_Label
PI14.GPIO_Label=TC78H660FTG_STBY
ProjectManager.StackSize=0x400
PI11.GPIOParameters=GPIO_Label
RCC.I2C3Freq_Value=54000000
PA12.Locked=true
PA12.Signal=CAN1_TX
SPI2.CLKPolarity=SPI_POLARITY_HIGH
Mcu.UserConstants=
PE11.Mode=NSS_Signal_Hard_Output
SPI4.Mode=SPI_MODE_MASTER
PH7.Locked=true
PF5.Locked=true
Mcu.ThirdPartyNb=0
DSIHOST.LPVerticalActiveEnable=DSI_LP_VACT_ENABLE
PG11.GPIO_PuPd=GPIO_PULLUP
PH0/OSC_IN.Mode=HSE-External-Oscillator
PD11.GPIO_Label=DSI_RESET
RCC.HCLKFreq_Value=216000000
Mcu.IPNb=36
RCC.PLLI2SRoutputFreq_Value=25000000
RCC.SPDIFRXFreq_Value=25000000
SH.ADCx_IN3.ConfNb=1
PF12.Signal=GPIO_Output
PD8.GPIOParameters=GPIO_Label
Mcu.Pin6=PC13
Mcu.Pin7=PC14/OSC32_IN
Mcu.Pin8=PC15/OSC32_OUT
Mcu.Pin9=PI9
RCC.VCOSAIOutputFreq_Value=384000000
PI13.Signal=GPIO_Input
DSIHOST.VerticalFrontPorch=20
SPI4.CLKPolarity=SPI_POLARITY_HIGH
PJ2.Locked=true
RCC.AHBFreq_Value=216000000
SPI2.BaudRatePrescaler=SPI_BAUDRATEPRESCALER_64
Mcu.Pin0=PE2
TIM11.IPParameters=Channel
Mcu.Pin1=PE3
GPIO.groupedBy=Group By Peripherals
Mcu.Pin2=PE4
DSIHOST_D1N.Mode=DSIHost_Video
Mcu.Pin3=PE5
PK3.Locked=true
Mcu.Pin4=PE6
PD10.GPIOParameters=GPIO_Label
Mcu.Pin5=PI8
ADC3.SamplingTime-1\#ChannelRegularConversion=ADC_SAMPLETIME_3CYCLES
USART2.VirtualMode-Asynchronous=VM_ASYNC
PI8.Signal=GPIO_Input
CORTEX_M7.IsCacheable-Cortex_Memory_Protection_Unit_Region2_Settings=MPU_ACCESS_CACHEABLE
PE13.Signal=SPI4_MISO
PI5.Locked=true
PI5.Signal=S_TIM8_CH1
CAN2.Prescaler=6
PI0.Signal=GPIO_Output
File.Version=6
PA10.GPIO_Label=HEARTBEAT
SH.ADCx_IN13.ConfNb=1
PB8.Locked=true
PG13.Mode=RMII
PE4.Mode=SAI_A_MasterWithClock
PK6.GPIOParameters=GPIO_Label
PH1/OSC_OUT.Mode=HSE-External-Oscillator
PE4.Signal=SAI1_FS_A
SPI4.BaudRatePrescaler=SPI_BAUDRATEPRESCALER_16
PI12.GPIOParameters=GPIO_Label
ProjectManager.ProjectName=Midgard
PF15.Mode=I2C
PH7.Mode=Full_Duplex_Master
SPI5.BaudRatePrescaler=SPI_BAUDRATEPRESCALER_16
PA7.Locked=true
PJ12.Signal=GPIO_Output
CORTEX_M7.BaseAddress-Cortex_Memory_Protection_Unit_Region1_Settings=0x08000000
PC14/OSC32_IN.Signal=RCC_OSC32_IN
PD14.Locked=true
RCC.LSI_VALUE=32000
DSIHOST_D0N.Locked=true
PJ1.Signal=GPIO_Output
PI12.GPIO_Label=TC78H660FTG_MODE
SPI2.CLKPhase=SPI_PHASE_2EDGE
ADC3.ClockPrescaler=ADC_CLOCK_SYNC_PCLK_DIV6
RCC.PLLSAIN=384
PF5.Signal=ADC3_IN15
RCC.PLLSAIP=RCC_PLLSAIP_DIV8
RCC.PLLSAIR=7
PH7.Signal=SPI5_MISO
RCC.PLLSAIQ=6
PJ3.GPIO_Label=LD3
SPI2.Direction=SPI_DIRECTION_2LINES
PF0.Signal=I2C2_SDA
ADC2.Rank-0\#ChannelRegularConversion=1
PE3.Mode=SAI_B_SyncSlave
PB3.Locked=true
PA2.Locked=true
ADC2.ClockPrescaler=ADC_CLOCK_SYNC_PCLK_DIV6
RCC.PLLSourceVirtual=RCC_PLLSOURCE_HSE
TIM4.Channel-PWM\ Generation1\ CH1=TIM_CHANNEL_1
SH.COMP_DAC1_group.0=DAC_OUT1,DAC_OUT1
CORTEX_M7.CPU_ICache=Enabled
PA7.Mode=RMII
PB9.GPIO_Label=LCD_BL_CTRL
PH11.Signal=DCMI_D2
ProjectManager.NoMain=false
PG3.Signal=GPIO_Output
PG1.Signal=GPIO_Output
SH.S_TIM4_CH4.0=TIM4_CH4,PWM Generation4 CH4
CORTEX_M7.IsShareable-Cortex_Memory_Protection_Unit_Region3_Settings=MPU_ACCESS_SHAREABLE
PG1.Locked=true
RCC.PLLRFreq_Value=216000000
PC4.Signal=ETH_RXD0
PI14.GPIOParameters=GPIO_Label
PI10.Signal=GPIO_Input
PD5.Signal=USART2_TX
VP_RNG_VS_RNG.Mode=RNG_Activate
PI13.GPIOParameters=GPIO_Label
VP_TIM11_VS_ClockSourceINT.Mode=Enable_Timer
PD12.Locked=true
RCC.DSITXEscFreq_Value=15625000
PF7.Mode=Dual_Bank
PK7.GPIOParameters=GPIO_Label
VP_TIM4_VS_ClockSourceINT.Signal=TIM4_VS_ClockSourceINT
CORTEX_M7.IsBufferable-Cortex_Memory_Protection_Unit_Region4_Settings=MPU_ACCESS_BUFFERABLE
ProjectManager.TargetToolchain=STM32CubeIDE
DSIHOST.VerticalBackPorch=20
SH.S_TIM3_CH3.ConfNb=1
PF15.Locked=true
PE4.Locked=true
PC2.Locked=true
ProjectManager.RegisterCallBack=
PH11.Locked=true
RCC.PLLSAIoutputFreq_Value=48000000
PE11.Signal=SPI4_NSS
PD3.Locked=true
PB1.Locked=true
SH.S_TIM3_CH2.0=TIM3_CH2,PWM Generation2 CH2
PG14.Signal=ETH_TXD1
SAI1.IPParameters=Instance-SAI_A_MasterWithClock,VirtualMode-SAI_A_MasterWithClock,MClockEnable-SAI_A_MasterWithClock,RealAudioFreq-SAI_A_MasterWithClock,ErrorAudioFreq-SAI_A_MasterWithClock,Instance-SAI_B_SyncSlave,VirtualMode-SAI_B_SyncSlave
SH.GPXTI3.0=GPIO_EXTI3
PG1.GPIO_Label=SEG_B
DSIHOST.NumberOfLanes=DSI_TWO_DATA_LANES
PD11.GPIOParameters=GPIO_Label
PH0/OSC_IN.Signal=RCC_OSC_IN
TIM4.Channel-PWM\ Generation2\ CH2=TIM_CHANNEL_2
PI8.Locked=true
RCC.APB2Freq_Value=108000000
PG4.GPIOParameters=GPIO_Label
PI3.Locked=true
VP_TIM2_VS_ClockSourceINT.Mode=Internal
PC13.GPIOParameters=GPIO_Label
PF10.Signal=QUADSPI_CLK
PE14.Mode=Full_Duplex_Master
SH.ADCx_IN10.ConfNb=1
CORTEX_M7.IsShareable-Cortex_Memory_Protection_Unit_Region0_Settings=MPU_ACCESS_SHAREABLE
CAN2.CalculateTimeQuantum=111.11111111111111
PF15.Signal=I2C4_SDA
SPI4.CalculateBaudRate=6.75 MBits/s
PF0.Locked=true
PE6.Signal=SAI1_SD_A
PE11.Locked=true
Mcu.Name=STM32F769B(G-I)Tx
PD0.Mode=Asynchronous
CORTEX_M7.Size-Cortex_Memory_Protection_Unit_Region0_Settings=MPU_REGION_SIZE_128KB
PA2.Signal=ETH_MDIO
DSIHOST_CKN.Mode=DSIHost_Video
CORTEX_M7.AccessPermission-Cortex_Memory_Protection_Unit_Region1_Settings=MPU_REGION_FULL_ACCESS
PH15.Mode=Slave_12_bits_External_Synchro
PD14.Signal=S_TIM4_CH3
PB3.Signal=SYS_JTDO-SWO
PE7.Mode=Dual_Bank
PA12.Mode=CAN_Activate
PC15/OSC32_OUT.Mode=LSE-External-Oscillator
SAI1.Instance-SAI_B_SyncSlave=SAI$Index_Block_B
PB7.Mode=I2C
PA14.Signal=SYS_JTCK-SWCLK
SH.ADCx_IN10.0=ADC1_IN10,IN10
PF0.Mode=I2C
DSIHOST_D0N.Signal=DSIHOST_D0N
VP_LTDC_DSIMode.Mode=RGB888
CORTEX_M7.Size-Cortex_Memory_Protection_Unit_Region3_Settings=MPU_REGION_SIZE_128KB
ADC1.NbrOfConversionFlag=1
PI15.Signal=GPIO_Output
PB8.Signal=DCMI_D6
PC9.Signal=I2C3_SDA
NVIC.TIM4_IRQn=true\:0\:0\:false\:false\:true\:true\:true
RCC.APB1Freq_Value=54000000
CORTEX_M7.AccessPermission-Cortex_Memory_Protection_Unit_Region4_Settings=MPU_REGION_FULL_ACCESS
DSIHOST.LPLargestPacketSize=28
ADC1.ClockPrescaler=ADC_CLOCK_SYNC_PCLK_DIV6
PB11.Locked=true
ProjectManager.DeviceId=STM32F769BITx
PE0.Mode=Asynchronous
ProjectManager.LibraryCopy=1
SH.S_TIM5_CH1.ConfNb=1
I2C4.IPParameters=Timing
SPI5.Direction=SPI_DIRECTION_2LINES
SH.S_TIM3_CH4.0=TIM3_CH4,PWM Generation4 CH4
PB1.GPIOParameters=GPIO_Label
PA7.Signal=ETH_CRS_DV
PJ12.Locked=true
isbadioc=false
